
Microsoft Visual Studio Solution File, Format Version 12.00
# Visual Studio 14
VisualStudioVersion = 14.0.25420.1
MinimumVisualStudioVersion = 10.0.40219.1
Project("{FAE04EC0-301F-11D3-BF4B-00C04F79EFBC}") = "PC_Example", "PC_Example\PC_Example.csproj", "{0DDED42C-B596-43FF-AA48-012C81614CDB}"
EndProject
Project("{FAE04EC0-301F-11D3-BF4B-00C04F79EFBC}") = "Common", "Common\Common.csproj", "{87630C0A-49BF-497B-B5AD-AF50E50982BB}"
EndProject
Project("{FAE04EC0-301F-11D3-BF4B-00C04F79EFBC}") = "DataLayer", "DataLayer\DataLayer.csproj", "{E9DC1E22-C11E-4491-978B-FE09CB58EB53}"
EndProject
Global
	GlobalSection(SolutionConfigurationPlatforms) = preSolution
		Debug|Any CPU = Debug|Any CPU
		Release|Any CPU = Release|Any CPU
	EndGlobalSection
	GlobalSection(ProjectConfigurationPlatforms) = postSolution
		{0DDED42C-B596-43FF-AA48-012C81614CDB}.Debug|Any CPU.ActiveCfg = Debug|Any CPU
		{0DDED42C-B596-43FF-AA48-012C81614CDB}.Debug|Any CPU.Build.0 = Debug|Any CPU
		{0DDED42C-B596-43FF-AA48-012C81614CDB}.Release|Any CPU.ActiveCfg = Release|Any CPU
		{0DDED42C-B596-43FF-AA48-012C81614CDB}.Release|Any CPU.Build.0 = Release|Any CPU
		{87630C0A-49BF-497B-B5AD-AF50E50982BB}.Debug|Any CPU.ActiveCfg = Debug|Any CPU
		{87630C0A-49BF-497B-B5AD-AF50E50982BB}.Debug|Any CPU.Build.0 = Debug|Any CPU
		{87630C0A-49BF-497B-B5AD-AF50E50982BB}.Release|Any CPU.ActiveCfg = Release|Any CPU
		{87630C0A-49BF-497B-B5AD-AF50E50982BB}.Release|Any CPU.Build.0 = Release|Any CPU
		{E9DC1E22-C11E-4491-978B-FE09CB58EB53}.Debug|Any CPU.ActiveCfg = Debug|Any CPU
		{E9DC1E22-C11E-4491-978B-FE09CB58EB53}.Debug|Any CPU.Build.0 = Debug|Any CPU
		{E9DC1E22-C11E-4491-978B-FE09CB58EB53}.Release|Any CPU.ActiveCfg = Release|Any CPU
		{E9DC1E22-C11E-4491-978B-FE09CB58EB53}.Release|Any CPU.Build.0 = Release|Any CPU
	EndGlobalSection
	GlobalSection(SolutionProperties) = preSolution
		HideSolutionNode = FALSE
	EndGlobalSection
EndGlobal
